// !$*UTF8*$!
{
	archiveVersion = 1;
	classes = {
	};
	objectVersion = 46;
	objects = {

/* Begin PBXBuildFile section */
		522676B51EB7A3CA008FF961 /* RootRouter.swift in Sources */ = {isa = PBXBuildFile; fileRef = 522676B41EB7A3CA008FF961 /* RootRouter.swift */; };
		523E72E81EB655B600705329 /* AppDelegate.swift in Sources */ = {isa = PBXBuildFile; fileRef = 523E72E71EB655B600705329 /* AppDelegate.swift */; };
		523E72EA1EB655B600705329 /* ViewController.swift in Sources */ = {isa = PBXBuildFile; fileRef = 523E72E91EB655B600705329 /* ViewController.swift */; };
		523E72F01EB655B600705329 /* La_Fourchette.xcdatamodeld in Sources */ = {isa = PBXBuildFile; fileRef = 523E72EE1EB655B600705329 /* La_Fourchette.xcdatamodeld */; };
		523E72F21EB655B600705329 /* Assets.xcassets in Resources */ = {isa = PBXBuildFile; fileRef = 523E72F11EB655B600705329 /* Assets.xcassets */; };
		523E73021EB77D6200705329 /* RestaurantsEntity.swift in Sources */ = {isa = PBXBuildFile; fileRef = 523E73011EB77D6200705329 /* RestaurantsEntity.swift */; };
		523E73041EB7858C00705329 /* RestaurantsInteractor.swift in Sources */ = {isa = PBXBuildFile; fileRef = 523E73031EB7858C00705329 /* RestaurantsInteractor.swift */; };
		523E73061EB78DFD00705329 /* RestaurantsPresenter.swift in Sources */ = {isa = PBXBuildFile; fileRef = 523E73051EB78DFD00705329 /* RestaurantsPresenter.swift */; };
		523E73081EB79B3B00705329 /* RestaurantsRouter.swift in Sources */ = {isa = PBXBuildFile; fileRef = 523E73071EB79B3B00705329 /* RestaurantsRouter.swift */; };
		6E3DC3F1CC5C7D4225CCAA82 /* Pods_La_Fourchette.framework in Frameworks */ = {isa = PBXBuildFile; fileRef = 2559B9CF43435E333D299604 /* Pods_La_Fourchette.framework */; };
/* End PBXBuildFile section */

/* Begin PBXFileReference section */
		2559B9CF43435E333D299604 /* Pods_La_Fourchette.framework */ = {isa = PBXFileReference; explicitFileType = wrapper.framework; includeInIndex = 0; path = Pods_La_Fourchette.framework; sourceTree = BUILT_PRODUCTS_DIR; };
		314B24D8C070AA76AD7E4046 /* Pods-La Fourchette.debug.xcconfig */ = {isa = PBXFileReference; includeInIndex = 1; lastKnownFileType = text.xcconfig; name = "Pods-La Fourchette.debug.xcconfig"; path = "Pods/Target Support Files/Pods-La Fourchette/Pods-La Fourchette.debug.xcconfig"; sourceTree = "<group>"; };
		522676B41EB7A3CA008FF961 /* RootRouter.swift */ = {isa = PBXFileReference; fileEncoding = 4; lastKnownFileType = sourcecode.swift; name = RootRouter.swift; path = Router/RootRouter.swift; sourceTree = "<group>"; };
		523E72E41EB655B600705329 /* La Fourchette.app */ = {isa = PBXFileReference; explicitFileType = wrapper.application; includeInIndex = 0; path = "La Fourchette.app"; sourceTree = BUILT_PRODUCTS_DIR; };
		523E72E71EB655B600705329 /* AppDelegate.swift */ = {isa = PBXFileReference; lastKnownFileType = sourcecode.swift; path = AppDelegate.swift; sourceTree = "<group>"; };
		523E72E91EB655B600705329 /* ViewController.swift */ = {isa = PBXFileReference; lastKnownFileType = sourcecode.swift; path = ViewController.swift; sourceTree = "<group>"; };
		523E72EF1EB655B600705329 /* La_Fourchette.xcdatamodel */ = {isa = PBXFileReference; lastKnownFileType = wrapper.xcdatamodel; path = La_Fourchette.xcdatamodel; sourceTree = "<group>"; };
		523E72F11EB655B600705329 /* Assets.xcassets */ = {isa = PBXFileReference; lastKnownFileType = folder.assetcatalog; path = Assets.xcassets; sourceTree = "<group>"; };
		523E72F61EB655B600705329 /* Info.plist */ = {isa = PBXFileReference; lastKnownFileType = text.plist.xml; path = Info.plist; sourceTree = "<group>"; };
		523E73011EB77D6200705329 /* RestaurantsEntity.swift */ = {isa = PBXFileReference; fileEncoding = 4; lastKnownFileType = sourcecode.swift; name = RestaurantsEntity.swift; path = Entity/RestaurantsEntity.swift; sourceTree = "<group>"; };
		523E73031EB7858C00705329 /* RestaurantsInteractor.swift */ = {isa = PBXFileReference; fileEncoding = 4; lastKnownFileType = sourcecode.swift; name = RestaurantsInteractor.swift; path = Interactor/RestaurantsInteractor.swift; sourceTree = "<group>"; };
		523E73051EB78DFD00705329 /* RestaurantsPresenter.swift */ = {isa = PBXFileReference; fileEncoding = 4; lastKnownFileType = sourcecode.swift; name = RestaurantsPresenter.swift; path = Presenter/RestaurantsPresenter.swift; sourceTree = "<group>"; };
		523E73071EB79B3B00705329 /* RestaurantsRouter.swift */ = {isa = PBXFileReference; fileEncoding = 4; lastKnownFileType = sourcecode.swift; name = RestaurantsRouter.swift; path = Router/RestaurantsRouter.swift; sourceTree = "<group>"; };
		5879F8E91A20BA3324BCC350 /* Pods-La Fourchette.release.xcconfig */ = {isa = PBXFileReference; includeInIndex = 1; lastKnownFileType = text.xcconfig; name = "Pods-La Fourchette.release.xcconfig"; path = "Pods/Target Support Files/Pods-La Fourchette/Pods-La Fourchette.release.xcconfig"; sourceTree = "<group>"; };
/* End PBXFileReference section */

/* Begin PBXFrameworksBuildPhase section */
		523E72E11EB655B600705329 /* Frameworks */ = {
			isa = PBXFrameworksBuildPhase;
			buildActionMask = 2147483647;
			files = (
				6E3DC3F1CC5C7D4225CCAA82 /* Pods_La_Fourchette.framework in Frameworks */,
			);
			runOnlyForDeploymentPostprocessing = 0;
		};
/* End PBXFrameworksBuildPhase section */

/* Begin PBXGroup section */
		4EA95751E2C72E3C97CEF9F6 /* Pods */ = {
			isa = PBXGroup;
			children = (
				314B24D8C070AA76AD7E4046 /* Pods-La Fourchette.debug.xcconfig */,
				5879F8E91A20BA3324BCC350 /* Pods-La Fourchette.release.xcconfig */,
			);
			name = Pods;
			sourceTree = "<group>";
		};
		523E72DB1EB655B600705329 = {
			isa = PBXGroup;
			children = (
				523E72E61EB655B600705329 /* La Fourchette */,
				523E72E51EB655B600705329 /* Products */,
				4EA95751E2C72E3C97CEF9F6 /* Pods */,
				F69A91CA1D76C0489CF3EC77 /* Frameworks */,
			);
			sourceTree = "<group>";
		};
		523E72E51EB655B600705329 /* Products */ = {
			isa = PBXGroup;
			children = (
				523E72E41EB655B600705329 /* La Fourchette.app */,
			);
			name = Products;
			sourceTree = "<group>";
		};
		523E72E61EB655B600705329 /* La Fourchette */ = {
			isa = PBXGroup;
			children = (
				523E72FF1EB6575C00705329 /* Entity */,
				523E72FE1EB6575100705329 /* Interactor */,
				523E72FD1EB6574B00705329 /* Presenter */,
				523E73001EB6576200705329 /* Router */,
				523E72FC1EB6574600705329 /* View */,
				523E72E71EB655B600705329 /* AppDelegate.swift */,
				523E72F11EB655B600705329 /* Assets.xcassets */,
				523E72F61EB655B600705329 /* Info.plist */,
				523E72EE1EB655B600705329 /* La_Fourchette.xcdatamodeld */,
			);
			path = "La Fourchette";
			sourceTree = "<group>";
		};
		523E72FC1EB6574600705329 /* View */ = {
			isa = PBXGroup;
			children = (
				523E72E91EB655B600705329 /* ViewController.swift */,
			);
			name = View;
			sourceTree = "<group>";
		};
		523E72FD1EB6574B00705329 /* Presenter */ = {
			isa = PBXGroup;
			children = (
				523E73051EB78DFD00705329 /* RestaurantsPresenter.swift */,
			);
			name = Presenter;
			sourceTree = "<group>";
		};
		523E72FE1EB6575100705329 /* Interactor */ = {
			isa = PBXGroup;
			children = (
				523E73031EB7858C00705329 /* RestaurantsInteractor.swift */,
			);
			name = Interactor;
			sourceTree = "<group>";
		};
		523E72FF1EB6575C00705329 /* Entity */ = {
			isa = PBXGroup;
			children = (
				523E73011EB77D6200705329 /* RestaurantsEntity.swift */,
			);
			name = Entity;
			sourceTree = "<group>";
		};
		523E73001EB6576200705329 /* Router */ = {
			isa = PBXGroup;
			children = (
				523E73071EB79B3B00705329 /* RestaurantsRouter.swift */,
				522676B41EB7A3CA008FF961 /* RootRouter.swift */,
			);
			name = Router;
			sourceTree = "<group>";
		};
		F69A91CA1D76C0489CF3EC77 /* Frameworks */ = {
			isa = PBXGroup;
			children = (
				2559B9CF43435E333D299604 /* Pods_La_Fourchette.framework */,
			);
			name = Frameworks;
			sourceTree = "<group>";
		};
/* End PBXGroup section */

/* Begin PBXNativeTarget section */
		523E72E31EB655B600705329 /* La Fourchette */ = {
			isa = PBXNativeTarget;
			buildConfigurationList = 523E72F91EB655B600705329 /* Build configuration list for PBXNativeTarget "La Fourchette" */;
			buildPhases = (
				CFC0F9FF52BDCB016B3A712C /* [CP] Check Pods Manifest.lock */,
				523E72E01EB655B600705329 /* Sources */,
				523E72E11EB655B600705329 /* Frameworks */,
				523E72E21EB655B600705329 /* Resources */,
				B086179CF2830C82DEE5FE81 /* [CP] Embed Pods Frameworks */,
				4748D591426CDA3CECD6A429 /* [CP] Copy Pods Resources */,
			);
			buildRules = (
			);
			dependencies = (
			);
			name = "La Fourchette";
			productName = "La Fourchette";
			productReference = 523E72E41EB655B600705329 /* La Fourchette.app */;
			productType = "com.apple.product-type.application";
		};
/* End PBXNativeTarget section */

/* Begin PBXProject section */
		523E72DC1EB655B600705329 /* Project object */ = {
			isa = PBXProject;
			attributes = {
				LastSwiftUpdateCheck = 0830;
				LastUpgradeCheck = 0830;
				ORGANIZATIONNAME = KIRIBAGUETTE;
				TargetAttributes = {
					523E72E31EB655B600705329 = {
						CreatedOnToolsVersion = 8.3.2;
						DevelopmentTeam = 2K32P84892;
						ProvisioningStyle = Automatic;
					};
				};
			};
			buildConfigurationList = 523E72DF1EB655B600705329 /* Build configuration list for PBXProject "La Fourchette" */;
			compatibilityVersion = "Xcode 3.2";
			developmentRegion = English;
			hasScannedForEncodings = 0;
			knownRegions = (
				en,
				Base,
			);
			mainGroup = 523E72DB1EB655B600705329;
			productRefGroup = 523E72E51EB655B600705329 /* Products */;
			projectDirPath = "";
			projectRoot = "";
			targets = (
				523E72E31EB655B600705329 /* La Fourchette */,
			);
		};
/* End PBXProject section */

/* Begin PBXResourcesBuildPhase section */
		523E72E21EB655B600705329 /* Resources */ = {
			isa = PBXResourcesBuildPhase;
			buildActionMask = 2147483647;
			files = (
				523E72F21EB655B600705329 /* Assets.xcassets in Resources */,
			);
			runOnlyForDeploymentPostprocessing = 0;
		};
/* End PBXResourcesBuildPhase section */

/* Begin PBXShellScriptBuildPhase section */
		4748D591426CDA3CECD6A429 /* [CP] Copy Pods Resources */ = {
			isa = PBXShellScriptBuildPhase;
			buildActionMask = 2147483647;
			files = (
			);
			inputPaths = (
			);
			name = "[CP] Copy Pods Resources";
			outputPaths = (
			);
			runOnlyForDeploymentPostprocessing = 0;
			shellPath = /bin/sh;
			shellScript = "\"${SRCROOT}/Pods/Target Support Files/Pods-La Fourchette/Pods-La Fourchette-resources.sh\"\n";
			showEnvVarsInLog = 0;
		};
		B086179CF2830C82DEE5FE81 /* [CP] Embed Pods Frameworks */ = {
			isa = PBXShellScriptBuildPhase;
			buildActionMask = 2147483647;
			files = (
			);
			inputPaths = (
			);
			name = "[CP] Embed Pods Frameworks";
			outputPaths = (
			);
			runOnlyForDeploymentPostprocessing = 0;
			shellPath = /bin/sh;
			shellScript = "\"${SRCROOT}/Pods/Target Support Files/Pods-La Fourchette/Pods-La Fourchette-frameworks.sh\"\n";
			showEnvVarsInLog = 0;
		};
		CFC0F9FF52BDCB016B3A712C /* [CP] Check Pods Manifest.lock */ = {
			isa = PBXShellScriptBuildPhase;
			buildActionMask = 2147483647;
			files = (
			);
			inputPaths = (
			);
			name = "[CP] Check Pods Manifest.lock";
			outputPaths = (
			);
			runOnlyForDeploymentPostprocessing = 0;
			shellPath = /bin/sh;
			shellScript = "diff \"${PODS_PODFILE_DIR_PATH}/Podfile.lock\" \"${PODS_ROOT}/Manifest.lock\" > /dev/null\nif [ $? != 0 ] ; then\n    # print error to STDERR\n    echo \"error: The sandbox is not in sync with the Podfile.lock. Run 'pod install' or update your CocoaPods installation.\" >&2\n    exit 1\nfi\n";
			showEnvVarsInLog = 0;
		};
/* End PBXShellScriptBuildPhase section */

/* Begin PBXSourcesBuildPhase section */
		523E72E01EB655B600705329 /* Sources */ = {
			isa = PBXSourcesBuildPhase;
			buildActionMask = 2147483647;
			files = (
				522676B51EB7A3CA008FF961 /* RootRouter.swift in Sources */,
				523E73021EB77D6200705329 /* RestaurantsEntity.swift in Sources */,
				523E73061EB78DFD00705329 /* RestaurantsPresenter.swift in Sources */,
				523E72F01EB655B600705329 /* La_Fourchette.xcdatamodeld in Sources */,
				523E72EA1EB655B600705329 /* ViewController.swift in Sources */,
				523E72E81EB655B600705329 /* AppDelegate.swift in Sources */,
				523E73041EB7858C00705329 /* RestaurantsInteractor.swift in Sources */,
				523E73081EB79B3B00705329 /* RestaurantsRouter.swift in Sources */,
			);
			runOnlyForDeploymentPostprocessing = 0;
		};
/* End PBXSourcesBuildPhase section */

/* Begin XCBuildConfiguration section */
		523E72F71EB655B600705329 /* Debug */ = {
			isa = XCBuildConfiguration;
			buildSettings = {
				ALWAYS_SEARCH_USER_PATHS = NO;
				CLANG_ANALYZER_NONNULL = YES;
				CLANG_ANALYZER_NUMBER_OBJECT_CONVERSION = YES_AGGRESSIVE;
				CLANG_CXX_LANGUAGE_STANDARD = "gnu++0x";
				CLANG_CXX_LIBRARY = "libc++";
				CLANG_ENABLE_MODULES = YES;
				CLANG_ENABLE_OBJC_ARC = YES;
				CLANG_WARN_BOOL_CONVERSION = YES;
				CLANG_WARN_CONSTANT_CONVERSION = YES;
				CLANG_WARN_DIRECT_OBJC_ISA_USAGE = YES_ERROR;
				CLANG_WARN_DOCUMENTATION_COMMENTS = YES;
				CLANG_WARN_EMPTY_BODY = YES;
				CLANG_WARN_ENUM_CONVERSION = YES;
				CLANG_WARN_INFINITE_RECURSION = YES;
				CLANG_WARN_INT_CONVERSION = YES;
				CLANG_WARN_OBJC_ROOT_CLASS = YES_ERROR;
				CLANG_WARN_SUSPICIOUS_MOVE = YES;
				CLANG_WARN_UNREACHABLE_CODE = YES;
				CLANG_WARN__DUPLICATE_METHOD_MATCH = YES;
				"CODE_SIGN_IDENTITY[sdk=iphoneos*]" = "iPhone Developer";
				COPY_PHASE_STRIP = NO;
				DEBUG_INFORMATION_FORMAT = dwarf;
				ENABLE_STRICT_OBJC_MSGSEND = YES;
				ENABLE_TESTABILITY = YES;
				GCC_C_LANGUAGE_STANDARD = gnu99;
				GCC_DYNAMIC_NO_PIC = NO;
				GCC_NO_COMMON_BLOCKS = YES;
				GCC_OPTIMIZATION_LEVEL = 0;
				GCC_PREPROCESSOR_DEFINITIONS = (
					"DEBUG=1",
					"$(inherited)",
				);
				GCC_WARN_64_TO_32_BIT_CONVERSION = YES;
				GCC_WARN_ABOUT_RETURN_TYPE = YES_ERROR;
				GCC_WARN_UNDECLARED_SELECTOR = YES;
				GCC_WARN_UNINITIALIZED_AUTOS = YES_AGGRESSIVE;
				GCC_WARN_UNUSED_FUNCTION = YES;
				GCC_WARN_UNUSED_VARIABLE = YES;
				IPHONEOS_DEPLOYMENT_TARGET = 10.3;
				MTL_ENABLE_DEBUG_INFO = YES;
				ONLY_ACTIVE_ARCH = YES;
				SDKROOT = iphoneos;
				SWIFT_ACTIVE_COMPILATION_CONDITIONS = DEBUG;
				SWIFT_OPTIMIZATION_LEVEL = "-Onone";
			};
			name = Debug;
		};
		523E72F81EB655B600705329 /* Release */ = {
			isa = XCBuildConfiguration;
			buildSettings = {
				ALWAYS_SEARCH_USER_PATHS = NO;
				CLANG_ANALYZER_NONNULL = YES;
				CLANG_ANALYZER_NUMBER_OBJECT_CONVERSION = YES_AGGRESSIVE;
				CLANG_CXX_LANGUAGE_STANDARD = "gnu++0x";
				CLANG_CXX_LIBRARY = "libc++";
				CLANG_ENABLE_MODULES = YES;
				CLANG_ENABLE_OBJC_ARC = YES;
				CLANG_WARN_BOOL_CONVERSION = YES;
				CLANG_WARN_CONSTANT_CONVERSION = YES;
				CLANG_WARN_DIRECT_OBJC_ISA_USAGE = YES_ERROR;
				CLANG_WARN_DOCUMENTATION_COMMENTS = YES;
				CLANG_WARN_EMPTY_BODY = YES;
				CLANG_WARN_ENUM_CONVERSION = YES;
				CLANG_WARN_INFINITE_RECURSION = YES;
				CLANG_WARN_INT_CONVERSION = YES;
				CLANG_WARN_OBJC_ROOT_CLASS = YES_ERROR;
				CLANG_WARN_SUSPICIOUS_MOVE = YES;
				CLANG_WARN_UNREACHABLE_CODE = YES;
				CLANG_WARN__DUPLICATE_METHOD_MATCH = YES;
				"CODE_SIGN_IDENTITY[sdk=iphoneos*]" = "iPhone Developer";
				COPY_PHASE_STRIP = NO;
				DEBUG_INFORMATION_FORMAT = "dwarf-with-dsym";
				ENABLE_NS_ASSERTIONS = NO;
				ENABLE_STRICT_OBJC_MSGSEND = YES;
				GCC_C_LANGUAGE_STANDARD = gnu99;
				GCC_NO_COMMON_BLOCKS = YES;
				GCC_WARN_64_TO_32_BIT_CONVERSION = YES;
				GCC_WARN_ABOUT_RETURN_TYPE = YES_ERROR;
				GCC_WARN_UNDECLARED_SELECTOR = YES;
				GCC_WARN_UNINITIALIZED_AUTOS = YES_AGGRESSIVE;
				GCC_WARN_UNUSED_FUNCTION = YES;
				GCC_WARN_UNUSED_VARIABLE = YES;
				IPHONEOS_DEPLOYMENT_TARGET = 10.3;
				MTL_ENABLE_DEBUG_INFO = NO;
				SDKROOT = iphoneos;
				SWIFT_OPTIMIZATION_LEVEL = "-Owholemodule";
				VALIDATE_PRODUCT = YES;
			};
			name = Release;
		};
		523E72FA1EB655B600705329 /* Debug */ = {
			isa = XCBuildConfiguration;
			baseConfigurationReference = 314B24D8C070AA76AD7E4046 /* Pods-La Fourchette.debug.xcconfig */;
			buildSettings = {
				ASSETCATALOG_COMPILER_APPICON_NAME = AppIcon;
				DEVELOPMENT_TEAM = 2K32P84892;
				INFOPLIST_FILE = "La Fourchette/Info.plist";
				LD_RUNPATH_SEARCH_PATHS = "$(inherited) @executable_path/Frameworks";
				PRODUCT_BUNDLE_IDENTIFIER = "io.jacquet.La-Fourchette";
				PRODUCT_NAME = "$(TARGET_NAME)";
				SWIFT_VERSION = 3.0;
			};
			name = Debug;
		};
		523E72FB1EB655B600705329 /* Release */ = {
			isa = XCBuildConfiguration;
			baseConfigurationReference = 5879F8E91A20BA3324BCC350 /* Pods-La Fourchette.release.xcconfig */;
			buildSettings = {
				ASSETCATALOG_COMPILER_APPICON_NAME = AppIcon;
				DEVELOPMENT_TEAM = 2K32P84892;
				INFOPLIST_FILE = "La Fourchette/Info.plist";
				LD_RUNPATH_SEARCH_PATHS = "$(inherited) @executable_path/Frameworks";
				PRODUCT_BUNDLE_IDENTIFIER = "io.jacquet.La-Fourchette";
				PRODUCT_NAME = "$(TARGET_NAME)";
				SWIFT_VERSION = 3.0;
			};
			name = Release;
		};
/* End XCBuildConfiguration section */

/* Begin XCConfigurationList section */
		523E72DF1EB655B600705329 /* Build configuration list for PBXProject "La Fourchette" */ = {
			isa = XCConfigurationList;
			buildConfigurations = (
				523E72F71EB655B600705329 /* Debug */,
				523E72F81EB655B600705329 /* Release */,
			);
			defaultConfigurationIsVisible = 0;
			defaultConfigurationName = Release;
		};
		523E72F91EB655B600705329 /* Build configuration list for PBXNativeTarget "La Fourchette" */ = {
			isa = XCConfigurationList;
			buildConfigurations = (
				523E72FA1EB655B600705329 /* Debug */,
				523E72FB1EB655B600705329 /* Release */,
			);
			defaultConfigurationIsVisible = 0;
			defaultConfigurationName = Release;
		};
/* End XCConfigurationList section */

/* Begin XCVersionGroup section */
		523E72EE1EB655B600705329 /* La_Fourchette.xcdatamodeld */ = {
			isa = XCVersionGroup;
			children = (
				523E72EF1EB655B600705329 /* La_Fourchette.xcdatamodel */,
			);
			currentVersion = 523E72EF1EB655B600705329 /* La_Fourchette.xcdatamodel */;
			path = La_Fourchette.xcdatamodeld;
			sourceTree = "<group>";
			versionGroupType = wrapper.xcdatamodel;
		};
/* End XCVersionGroup section */
	};
	rootObject = 523E72DC1EB655B600705329 /* Project object */;
}
